{
  "name": "NoteBlockPlus",
  "version": "1.0.0",
  "lockfileVersion": 3,
  "requires": true,
  "packages": {
    "": {
      "version": "1.0.0",
      "license": "ISC",
      "dependencies": {
        "@minecraft/server": "^2.1.0-beta.1.21.95-stable",
        "@minecraft/server-ui": "^2.1.0-beta.1.21.95-stable"
      }
    },
    "node_modules/@minecraft/common": {
      "version": "1.2.0",
      "resolved": "https://registry.npmjs.org/@minecraft/common/-/common-1.2.0.tgz",
      "integrity": "sha512-JdmEq4P3Z/FtoBzhLijFgMSVFnFRrUoLwY8DHHrgtFo0mfLTOLTB1RErYjLMsA6b7BGVNxkX/pfFRiH7QZ0XwQ=="
    },
    "node_modules/@minecraft/server": {
      "version": "2.1.0-rc.1.21.110-preview.22",
      "resolved": "https://registry.npmjs.org/@minecraft/server/-/server-2.1.0-rc.1.21.110-preview.22.tgz",
      "integrity": "sha512-WJK3WRngbK8bPBjhAEUi2DqVKJnF1WH7RZTmvdt/JezrdfCMHkoweZMSnH+7DSJjBYND4j3w8HOtjLwMZkBsOQ==",
      "peerDependencies": {
        "@minecraft/common": "^1.2.0",
        "@minecraft/vanilla-data": ">=1.20.70 || 1.21.110-preview.22"
      }
    },
    "node_modules/@minecraft/server-ui": {
      "version": "2.1.0-beta.1.21.95-stable",
      "resolved": "https://registry.npmjs.org/@minecraft/server-ui/-/server-ui-2.1.0-beta.1.21.95-stable.tgz",
      "integrity": "sha512-l2BuMS5qWtq4W5D8MSbyQeBC/wlkxwIwfxWROVAYbLEsBvX8DZMlGx971L7AcmIS1kOldxK9kTtVEkzD7j2ZVg==",
      "dependencies": {
        "@minecraft/common": "^1.0.0",
        "@minecraft/server": "^2.0.0"
      }
    },
    "node_modules/@minecraft/server-ui/node_modules/@minecraft/server": {
      "version": "2.0.0",
      "resolved": "https://registry.npmjs.org/@minecraft/server/-/server-2.0.0.tgz",
      "integrity": "sha512-X2LmT82eO0oCjOFaFgg6zoGenAUSyrG+YvIbe7/FSPj9hpMt4BtOIs7axoQUUvMx2NNbq8uEsnQadMMrDDBmUA==",
      "dependencies": {
        "@minecraft/common": "^1.1.0"
      },
      "peerDependencies": {
        "@minecraft/vanilla-data": ">=1.20.70"
      }
    },
    "node_modules/@minecraft/vanilla-data": {
      "version": "1.21.93",
      "resolved": "https://registry.npmjs.org/@minecraft/vanilla-data/-/vanilla-data-1.21.93.tgz",
      "integrity": "sha512-w5SDYzS02D1i307mnCGdCsLnWpJN1wjWvrSqvCMcqVnTQzAGp6ID5sv6QrjX8FypFEvAgOSB2Isvw38yu3yDag==",
      "peer": true
    }
  }
}
