{
  "name": "NoteBlockPlus",
  "version": "1.0.0",
  "lockfileVersion": 3,
  "requires": true,
  "packages": {
    "": {
      "version": "1.0.0",
      "license": "ISC",
      "dependencies": {
        "@minecraft/server": "^2.4.0-beta.1.21.120-stable",
        "@minecraft/server-ui": "^2.1.0-beta.1.21.120-stable"
      }
    },
    "node_modules/@minecraft/common": {
      "version": "1.2.0",
      "resolved": "https://registry.npmjs.org/@minecraft/common/-/common-1.2.0.tgz",
      "integrity": "sha512-JdmEq4P3Z/FtoBzhLijFgMSVFnFRrUoLwY8DHHrgtFo0mfLTOLTB1RErYjLMsA6b7BGVNxkX/pfFRiH7QZ0XwQ==",
      "peer": true
    },
    "node_modules/@minecraft/server": {
      "version": "2.4.0-beta.1.21.120-stable",
      "resolved": "https://registry.npmjs.org/@minecraft/server/-/server-2.4.0-beta.1.21.120-stable.tgz",
      "integrity": "sha512-Yz4ZiIExjRQwOGMjp5R4ywpPSQnkctnfrG4zIFGPYaPXC7fASlPnHiTcqsLWLgjQCQsqg6NJoHdKewekuyfwrQ==",
      "peerDependencies": {
        "@minecraft/common": "^1.2.0",
        "@minecraft/vanilla-data": ">=1.20.70"
      }
    },
    "node_modules/@minecraft/server-ui": {
      "version": "2.1.0-beta.1.21.120-stable",
      "resolved": "https://registry.npmjs.org/@minecraft/server-ui/-/server-ui-2.1.0-beta.1.21.120-stable.tgz",
      "integrity": "sha512-DGSNr1Zm8yz0K20nQnHmtujyhHosat3H/szVrCeQQitV4q6bqQh8Rf5gnQoGqY9pEcfeJJKsl/H65h5UNxr7mA==",
      "peerDependencies": {
        "@minecraft/common": "^1.0.0",
        "@minecraft/server": "^2.0.0 || ^2.4.0-beta.1.21.120-stable"
      }
    },
    "node_modules/@minecraft/vanilla-data": {
      "version": "1.21.93",
      "resolved": "https://registry.npmjs.org/@minecraft/vanilla-data/-/vanilla-data-1.21.93.tgz",
      "integrity": "sha512-w5SDYzS02D1i307mnCGdCsLnWpJN1wjWvrSqvCMcqVnTQzAGp6ID5sv6QrjX8FypFEvAgOSB2Isvw38yu3yDag==",
      "peer": true
    }
  }
}
